{
  "nodes": {
    "darwin": {
      "inputs": {
        "nixpkgs": [
          "nixpkgs"
        ]
      },
      "locked": {
        "lastModified": 1773000227,
        "narHash": "sha256-zm3ftUQw0MPumYi91HovoGhgyZBlM4o3Zy0LhPNwzXE=",
        "owner": "LnL7",
        "repo": "nix-darwin",
        "rev": "da529ac9e46f25ed5616fd634079a5f3c579135f",
        "type": "github"
      },
      "original": {
        "owner": "LnL7",
        "ref": "master",
        "repo": "nix-darwin",
        "type": "github"
      }
    },
    "home-manager": {
      "inputs": {
        "nixpkgs": [
          "nixpkgs"
        ]
      },
      "locked": {
        "lastModified": 1773286336,
        "narHash": "sha256-+yFtmhOHterllxWmV6YbdevTXpJdGS0mS0UmJ0k9fh0=",
        "owner": "nix-community",
        "repo": "home-manager",
        "rev": "7d06e0cefe6e4a1e85b2b3274dcb0b3da242a557",
        "type": "github"
      },
      "original": {
        "owner": "nix-community",
        "repo": "home-manager",
        "type": "github"
      }
    },
    "nix-vscode-extensions": {
      "inputs": {
        "nixpkgs": "nixpkgs"
      },
      "locked": {
        "lastModified": 1773283718,
        "narHash": "sha256-ZGOp7NeIk52YRamvmPhmcCqAdJqBizM0G7ax+YPKr5s=",
        "owner": "nix-community",
        "repo": "nix-vscode-extensions",
        "rev": "515abbebc96beceff06a41965b215ad2debcb0be",
        "type": "github"
      },
      "original": {
        "owner": "nix-community",
        "repo": "nix-vscode-extensions",
        "type": "github"
      }
    },
    "nixpkgs": {
      "locked": {
        "lastModified": 1766025857,
        "narHash": "sha256-Lav5jJazCW4mdg1iHcROpuXqmM94BWJvabLFWaJVJp0=",
        "owner": "nixos",
        "repo": "nixpkgs",
        "rev": "def3da69945bbe338c373fddad5a1bb49cf199ce",
        "type": "github"
      },
      "original": {
        "owner": "nixos",
        "repo": "nixpkgs",
        "rev": "def3da69945bbe338c373fddad5a1bb49cf199ce",
        "type": "github"
      }
    },
    "nixpkgs_2": {
      "locked": {
        "lastModified": 1773110118,
        "narHash": "sha256-mPAG8phMbCReKSiKAijjjd3v7uVcJOQ75gSjGJjt/Rk=",
        "owner": "NixOS",
        "repo": "nixpkgs",
        "rev": "e607cb5360ff1234862ac9f8839522becb853bb9",
        "type": "github"
      },
      "original": {
        "owner": "NixOS",
        "ref": "nixpkgs-unstable",
        "repo": "nixpkgs",
        "type": "github"
      }
    },
    "root": {
      "inputs": {
        "darwin": "darwin",
        "home-manager": "home-manager",
        "nix-vscode-extensions": "nix-vscode-extensions",
        "nixpkgs": "nixpkgs_2"
      }
    }
  },
  "root": "root",
  "version": 7
}
